
Microsoft Visual Studio Solution File, Format Version 12.00
# Visual Studio Version 16
VisualStudioVersion = 16.0.31410.357
MinimumVisualStudioVersion = 10.0.40219.1
Project("{FAE04EC0-301F-11D3-BF4B-00C04F79EFBC}") = "Screenshotter", "Screenshotter.csproj", "{BE1F8D8A-4E6A-4533-AA89-541FADD675B3}"
EndProject
Global
	GlobalSection(SolutionConfigurationPlatforms) = preSolution
		Debug|Any CPU = Debug|Any CPU
		Release|Any CPU = Release|Any CPU
	EndGlobalSection
	GlobalSection(ProjectConfigurationPlatforms) = postSolution
		{BE1F8D8A-4E6A-4533-AA89-541FADD675B3}.Debug|Any CPU.ActiveCfg = Debug|Any CPU
		{BE1F8D8A-4E6A-4533-AA89-541FADD675B3}.Debug|Any CPU.Build.0 = Debug|Any CPU
		{BE1F8D8A-4E6A-4533-AA89-541FADD675B3}.Release|Any CPU.ActiveCfg = Release|Any CPU
		{BE1F8D8A-4E6A-4533-AA89-541FADD675B3}.Release|Any CPU.Build.0 = Release|Any CPU
	EndGlobalSection
	GlobalSection(SolutionProperties) = preSolution
		HideSolutionNode = FALSE
	EndGlobalSection
	GlobalSection(ExtensibilityGlobals) = postSolution
		SolutionGuid = {2B92640E-C932-4D28-A19E-9072DF2E41A6}
	EndGlobalSection
EndGlobal
